
Microsoft Visual Studio Solution File, Format Version 12.00
# Visual Studio Version 17
VisualStudioVersion = 17.8.34322.80
MinimumVisualStudioVersion = 10.0.40219.1
Project("{9A19103F-16F7-4668-BE54-9A1E7A4F7556}") = "Ambicion", "Ambicion\Ambicion.csproj", "{513F953D-993C-4069-AD3C-C9D6FB88F012}"
EndProject
Global
	GlobalSection(SolutionConfigurationPlatforms) = preSolution
		Debug|Any CPU = Debug|Any CPU
		Release|Any CPU = Release|Any CPU
	EndGlobalSection
	GlobalSection(ProjectConfigurationPlatforms) = postSolution
		{513F953D-993C-4069-AD3C-C9D6FB88F012}.Debug|Any CPU.ActiveCfg = Debug|Any CPU
		{513F953D-993C-4069-AD3C-C9D6FB88F012}.Debug|Any CPU.Build.0 = Debug|Any CPU
		{513F953D-993C-4069-AD3C-C9D6FB88F012}.Release|Any CPU.ActiveCfg = Release|Any CPU
		{513F953D-993C-4069-AD3C-C9D6FB88F012}.Release|Any CPU.Build.0 = Release|Any CPU
	EndGlobalSection
	GlobalSection(SolutionProperties) = preSolution
		HideSolutionNode = FALSE
	EndGlobalSection
	GlobalSection(ExtensibilityGlobals) = postSolution
		SolutionGuid = {76A28EF8-A051-4BB3-B620-670E7D77C16E}
	EndGlobalSection
EndGlobal
